
Microsoft Visual Studio Solution File, Format Version 12.00
# Visual Studio Version 17
VisualStudioVersion = 17.2.32616.157
MinimumVisualStudioVersion = 10.0.40219.1
Project("{FAE04EC0-301F-11D3-BF4B-00C04F79EFBC}") = "VideoGameStore_Excercise", "VideoGameStore_Excercise\VideoGameStore_Excercise.csproj", "{E4AB78B1-0C0D-463F-B0F2-44AC07616790}"
EndProject
Global
	GlobalSection(SolutionConfigurationPlatforms) = preSolution
		Debug|Any CPU = Debug|Any CPU
		Release|Any CPU = Release|Any CPU
	EndGlobalSection
	GlobalSection(ProjectConfigurationPlatforms) = postSolution
		{E4AB78B1-0C0D-463F-B0F2-44AC07616790}.Debug|Any CPU.ActiveCfg = Debug|Any CPU
		{E4AB78B1-0C0D-463F-B0F2-44AC07616790}.Debug|Any CPU.Build.0 = Debug|Any CPU
		{E4AB78B1-0C0D-463F-B0F2-44AC07616790}.Release|Any CPU.ActiveCfg = Release|Any CPU
		{E4AB78B1-0C0D-463F-B0F2-44AC07616790}.Release|Any CPU.Build.0 = Release|Any CPU
	EndGlobalSection
	GlobalSection(SolutionProperties) = preSolution
		HideSolutionNode = FALSE
	EndGlobalSection
	GlobalSection(ExtensibilityGlobals) = postSolution
		SolutionGuid = {77A2574C-0BEB-438C-BA9B-62FBA4B7F79B}
	EndGlobalSection
EndGlobal
